
Microsoft Visual Studio Solution File, Format Version 12.00
# Visual Studio Version 16
VisualStudioVersion = 16.0.32002.261
MinimumVisualStudioVersion = 10.0.40219.1
Project("{FAE04EC0-301F-11D3-BF4B-00C04F79EFBC}") = "CotacaoDolarHG", "CotacaoDolarHG\CotacaoDolarHG.csproj", "{DC617065-C717-4CBE-96F3-CBF3C0E693BB}"
EndProject
Global
	GlobalSection(SolutionConfigurationPlatforms) = preSolution
		Debug|Any CPU = Debug|Any CPU
		Release|Any CPU = Release|Any CPU
	EndGlobalSection
	GlobalSection(ProjectConfigurationPlatforms) = postSolution
		{DC617065-C717-4CBE-96F3-CBF3C0E693BB}.Debug|Any CPU.ActiveCfg = Debug|Any CPU
		{DC617065-C717-4CBE-96F3-CBF3C0E693BB}.Debug|Any CPU.Build.0 = Debug|Any CPU
		{DC617065-C717-4CBE-96F3-CBF3C0E693BB}.Release|Any CPU.ActiveCfg = Release|Any CPU
		{DC617065-C717-4CBE-96F3-CBF3C0E693BB}.Release|Any CPU.Build.0 = Release|Any CPU
	EndGlobalSection
	GlobalSection(SolutionProperties) = preSolution
		HideSolutionNode = FALSE
	EndGlobalSection
	GlobalSection(ExtensibilityGlobals) = postSolution
		SolutionGuid = {D3DA4D2D-AD68-42DF-B99C-AA4050051C2F}
	EndGlobalSection
EndGlobal
